
Microsoft Visual Studio Solution File, Format Version 12.00
# Visual Studio Version 16
VisualStudioVersion = 16.0.32228.343
MinimumVisualStudioVersion = 10.0.40219.1
Project("{FAE04EC0-301F-11D3-BF4B-00C04F79EFBC}") = "LSB", "LSB.csproj", "{D4A3E956-7CE5-46E2-8B1D-CCFA8C3732B6}"
EndProject
Global
	GlobalSection(SolutionConfigurationPlatforms) = preSolution
		Debug|Any CPU = Debug|Any CPU
		PicEnc_ver_1.1|Any CPU = PicEnc_ver_1.1|Any CPU
		Release|Any CPU = Release|Any CPU
	EndGlobalSection
	GlobalSection(ProjectConfigurationPlatforms) = postSolution
		{D4A3E956-7CE5-46E2-8B1D-CCFA8C3732B6}.Debug|Any CPU.ActiveCfg = Debug|Any CPU
		{D4A3E956-7CE5-46E2-8B1D-CCFA8C3732B6}.Debug|Any CPU.Build.0 = Debug|Any CPU
		{D4A3E956-7CE5-46E2-8B1D-CCFA8C3732B6}.PicEnc_ver_1.1|Any CPU.ActiveCfg = PicEnc_ver_1.1|Any CPU
		{D4A3E956-7CE5-46E2-8B1D-CCFA8C3732B6}.PicEnc_ver_1.1|Any CPU.Build.0 = PicEnc_ver_1.1|Any CPU
		{D4A3E956-7CE5-46E2-8B1D-CCFA8C3732B6}.Release|Any CPU.ActiveCfg = Release|Any CPU
		{D4A3E956-7CE5-46E2-8B1D-CCFA8C3732B6}.Release|Any CPU.Build.0 = Release|Any CPU
	EndGlobalSection
	GlobalSection(SolutionProperties) = preSolution
		HideSolutionNode = FALSE
	EndGlobalSection
	GlobalSection(ExtensibilityGlobals) = postSolution
		SolutionGuid = {57D0FBE5-42FD-47F3-9192-CAA2F03FB39A}
	EndGlobalSection
EndGlobal
